# This file is automatically @generated by Cargo.
# It is not intended for manual editing.
version = 3

[[package]]
name = "orbit"
version = "0.0.0"

[[package]]
name = "orbit-api"
version = "0.0.0"

[[package]]
name = "orbit-auth"
version = "0.0.0"

[[package]]
name = "orbit-core"
version = "0.0.0"

[[package]]
name = "orbit-crypto"
version = "0.0.0"

[[package]]
name = "orbit-db"
version = "0.0.0"

[[package]]
name = "orbit-export"
version = "0.0.0"

[[package]]
name = "orbit-fx"
version = "0.0.0"

[[package]]
name = "orbit-log"
version = "0.0.0"

[[package]]
name = "orbit-market-data"
version = "0.0.0"

[[package]]
name = "orbit-tax-core"
version = "0.0.0"

[[package]]
name = "orbit-tax-rules"
version = "0.0.0"

[[package]]
name = "orbit-tax-spain"
version = "0.0.0"

[[package]]
name = "orbit-worker"
version = "0.0.0"

[[package]]
name = "xtask"
version = "0.0.0"
